// !$*UTF8*$!
{
	archiveVersion = 1;
	classes = {
	};
	objectVersion = 50;
	objects = {

/* Begin PBXBuildFile section */
		B3BDF050E34CB6D654EE68B1 /* Pods_NYG.framework in Frameworks */ = {isa = PBXBuildFile; fileRef = D0143B0A439442A17F636C05 /* Pods_NYG.framework */; };
		B513908F259ADC1200A67E14 /* NYGApp.swift in Sources */ = {isa = PBXBuildFile; fileRef = B513908E259ADC1200A67E14 /* NYGApp.swift */; };
		B5139091259ADC1200A67E14 /* ContentView.swift in Sources */ = {isa = PBXBuildFile; fileRef = B5139090259ADC1200A67E14 /* ContentView.swift */; };
		B5139093259ADC1300A67E14 /* Assets.xcassets in Resources */ = {isa = PBXBuildFile; fileRef = B5139092259ADC1300A67E14 /* Assets.xcassets */; };
		B5139096259ADC1300A67E14 /* Preview Assets.xcassets in Resources */ = {isa = PBXBuildFile; fileRef = B5139095259ADC1300A67E14 /* Preview Assets.xcassets */; };
		B51390A3259AE4D100A67E14 /* OnboardingView.swift in Sources */ = {isa = PBXBuildFile; fileRef = B51390A2259AE4D100A67E14 /* OnboardingView.swift */; };
		B51390A6259AE51500A67E14 /* EventResultsView.swift in Sources */ = {isa = PBXBuildFile; fileRef = B51390A5259AE51500A67E14 /* EventResultsView.swift */; };
		B51390A9259AE54400A67E14 /* Models.swift in Sources */ = {isa = PBXBuildFile; fileRef = B51390A8259AE54400A67E14 /* Models.swift */; };
		B51390AC259AE9A600A67E14 /* EventView.swift in Sources */ = {isa = PBXBuildFile; fileRef = B51390AB259AE9A600A67E14 /* EventView.swift */; };
		B51390BF259BDC5F00A67E14 /* IconSelectionView.swift in Sources */ = {isa = PBXBuildFile; fileRef = B51390BE259BDC5F00A67E14 /* IconSelectionView.swift */; };
		B51390C2259D98D800A67E14 /* GoogleService-Info.plist in Resources */ = {isa = PBXBuildFile; fileRef = B51390C1259D98D800A67E14 /* GoogleService-Info.plist */; };
/* End PBXBuildFile section */

/* Begin PBXFileReference section */
		52841BEBD6E657C2ED2035E8 /* Pods-NYG.debug.xcconfig */ = {isa = PBXFileReference; includeInIndex = 1; lastKnownFileType = text.xcconfig; name = "Pods-NYG.debug.xcconfig"; path = "Target Support Files/Pods-NYG/Pods-NYG.debug.xcconfig"; sourceTree = "<group>"; };
		B322A122A8A924ADDF18AEEA /* Pods-NYG.release.xcconfig */ = {isa = PBXFileReference; includeInIndex = 1; lastKnownFileType = text.xcconfig; name = "Pods-NYG.release.xcconfig"; path = "Target Support Files/Pods-NYG/Pods-NYG.release.xcconfig"; sourceTree = "<group>"; };
		B513908B259ADC1200A67E14 /* NYG.app */ = {isa = PBXFileReference; explicitFileType = wrapper.application; includeInIndex = 0; path = NYG.app; sourceTree = BUILT_PRODUCTS_DIR; };
		B513908E259ADC1200A67E14 /* NYGApp.swift */ = {isa = PBXFileReference; lastKnownFileType = sourcecode.swift; path = NYGApp.swift; sourceTree = "<group>"; };
		B5139090259ADC1200A67E14 /* ContentView.swift */ = {isa = PBXFileReference; lastKnownFileType = sourcecode.swift; path = ContentView.swift; sourceTree = "<group>"; };
		B5139092259ADC1300A67E14 /* Assets.xcassets */ = {isa = PBXFileReference; lastKnownFileType = folder.assetcatalog; path = Assets.xcassets; sourceTree = "<group>"; };
		B5139095259ADC1300A67E14 /* Preview Assets.xcassets */ = {isa = PBXFileReference; lastKnownFileType = folder.assetcatalog; path = "Preview Assets.xcassets"; sourceTree = "<group>"; };
		B5139097259ADC1300A67E14 /* Info.plist */ = {isa = PBXFileReference; lastKnownFileType = text.plist.xml; path = Info.plist; sourceTree = "<group>"; };
		B51390A2259AE4D100A67E14 /* OnboardingView.swift */ = {isa = PBXFileReference; lastKnownFileType = sourcecode.swift; path = OnboardingView.swift; sourceTree = "<group>"; };
		B51390A5259AE51500A67E14 /* EventResultsView.swift */ = {isa = PBXFileReference; lastKnownFileType = sourcecode.swift; path = EventResultsView.swift; sourceTree = "<group>"; };
		B51390A8259AE54400A67E14 /* Models.swift */ = {isa = PBXFileReference; lastKnownFileType = sourcecode.swift; path = Models.swift; sourceTree = "<group>"; };
		B51390AB259AE9A600A67E14 /* EventView.swift */ = {isa = PBXFileReference; lastKnownFileType = sourcecode.swift; path = EventView.swift; sourceTree = "<group>"; };
		B51390BE259BDC5F00A67E14 /* IconSelectionView.swift */ = {isa = PBXFileReference; lastKnownFileType = sourcecode.swift; path = IconSelectionView.swift; sourceTree = "<group>"; };
		B51390C1259D98D800A67E14 /* GoogleService-Info.plist */ = {isa = PBXFileReference; fileEncoding = 4; lastKnownFileType = text.plist.xml; path = "GoogleService-Info.plist"; sourceTree = "<group>"; };
		D0143B0A439442A17F636C05 /* Pods_NYG.framework */ = {isa = PBXFileReference; explicitFileType = wrapper.framework; includeInIndex = 0; path = Pods_NYG.framework; sourceTree = BUILT_PRODUCTS_DIR; };
/* End PBXFileReference section */

/* Begin PBXFrameworksBuildPhase section */
		B5139088259ADC1200A67E14 /* Frameworks */ = {
			isa = PBXFrameworksBuildPhase;
			buildActionMask = 2147483647;
			files = (
				B3BDF050E34CB6D654EE68B1 /* Pods_NYG.framework in Frameworks */,
			);
			runOnlyForDeploymentPostprocessing = 0;
		};
/* End PBXFrameworksBuildPhase section */

/* Begin PBXGroup section */
		4A584E6271E740863845D804 /* Frameworks */ = {
			isa = PBXGroup;
			children = (
				D0143B0A439442A17F636C05 /* Pods_NYG.framework */,
			);
			name = Frameworks;
			sourceTree = "<group>";
		};
		B4151D00796E5D5ABF730CE6 /* Pods */ = {
			isa = PBXGroup;
			children = (
				52841BEBD6E657C2ED2035E8 /* Pods-NYG.debug.xcconfig */,
				B322A122A8A924ADDF18AEEA /* Pods-NYG.release.xcconfig */,
			);
			name = Pods;
			path = Pods;
			sourceTree = "<group>";
		};
		B5139082259ADC1200A67E14 = {
			isa = PBXGroup;
			children = (
				B513908D259ADC1200A67E14 /* NYG */,
				B513908C259ADC1200A67E14 /* Products */,
				B4151D00796E5D5ABF730CE6 /* Pods */,
				4A584E6271E740863845D804 /* Frameworks */,
			);
			sourceTree = "<group>";
		};
		B513908C259ADC1200A67E14 /* Products */ = {
			isa = PBXGroup;
			children = (
				B513908B259ADC1200A67E14 /* NYG.app */,
			);
			name = Products;
			sourceTree = "<group>";
		};
		B513908D259ADC1200A67E14 /* NYG */ = {
			isa = PBXGroup;
			children = (
				B513908E259ADC1200A67E14 /* NYGApp.swift */,
				B5139090259ADC1200A67E14 /* ContentView.swift */,
				B51390AB259AE9A600A67E14 /* EventView.swift */,
				B51390A5259AE51500A67E14 /* EventResultsView.swift */,
				B51390A2259AE4D100A67E14 /* OnboardingView.swift */,
				B51390BE259BDC5F00A67E14 /* IconSelectionView.swift */,
				B51390A8259AE54400A67E14 /* Models.swift */,
				B5139092259ADC1300A67E14 /* Assets.xcassets */,
				B5139097259ADC1300A67E14 /* Info.plist */,
				B51390C1259D98D800A67E14 /* GoogleService-Info.plist */,
				B5139094259ADC1300A67E14 /* Preview Content */,
			);
			path = NYG;
			sourceTree = "<group>";
		};
		B5139094259ADC1300A67E14 /* Preview Content */ = {
			isa = PBXGroup;
			children = (
				B5139095259ADC1300A67E14 /* Preview Assets.xcassets */,
			);
			path = "Preview Content";
			sourceTree = "<group>";
		};
/* End PBXGroup section */

/* Begin PBXNativeTarget section */
		B513908A259ADC1200A67E14 /* NYG */ = {
			isa = PBXNativeTarget;
			buildConfigurationList = B513909A259ADC1300A67E14 /* Build configuration list for PBXNativeTarget "NYG" */;
			buildPhases = (
				E2A22BAE85B1125E99261CFC /* [CP] Check Pods Manifest.lock */,
				B5139087259ADC1200A67E14 /* Sources */,
				B5139088259ADC1200A67E14 /* Frameworks */,
				B5139089259ADC1200A67E14 /* Resources */,
				998E98E50CD058E770442F98 /* [CP] Embed Pods Frameworks */,
			);
			buildRules = (
			);
			dependencies = (
			);
			name = NYG;
			productName = NYG;
			productReference = B513908B259ADC1200A67E14 /* NYG.app */;
			productType = "com.apple.product-type.application";
		};
/* End PBXNativeTarget section */

/* Begin PBXProject section */
		B5139083259ADC1200A67E14 /* Project object */ = {
			isa = PBXProject;
			attributes = {
				LastSwiftUpdateCheck = 1230;
				LastUpgradeCheck = 1230;
				TargetAttributes = {
					B513908A259ADC1200A67E14 = {
						CreatedOnToolsVersion = 12.3;
					};
				};
			};
			buildConfigurationList = B5139086259ADC1200A67E14 /* Build configuration list for PBXProject "NYG" */;
			compatibilityVersion = "Xcode 9.3";
			developmentRegion = en;
			hasScannedForEncodings = 0;
			knownRegions = (
				en,
				Base,
			);
			mainGroup = B5139082259ADC1200A67E14;
			productRefGroup = B513908C259ADC1200A67E14 /* Products */;
			projectDirPath = "";
			projectRoot = "";
			targets = (
				B513908A259ADC1200A67E14 /* NYG */,
			);
		};
/* End PBXProject section */

/* Begin PBXResourcesBuildPhase section */
		B5139089259ADC1200A67E14 /* Resources */ = {
			isa = PBXResourcesBuildPhase;
			buildActionMask = 2147483647;
			files = (
				B5139096259ADC1300A67E14 /* Preview Assets.xcassets in Resources */,
				B5139093259ADC1300A67E14 /* Assets.xcassets in Resources */,
				B51390C2259D98D800A67E14 /* GoogleService-Info.plist in Resources */,
			);
			runOnlyForDeploymentPostprocessing = 0;
		};
/* End PBXResourcesBuildPhase section */

/* Begin PBXShellScriptBuildPhase section */
		998E98E50CD058E770442F98 /* [CP] Embed Pods Frameworks */ = {
			isa = PBXShellScriptBuildPhase;
			buildActionMask = 2147483647;
			files = (
			);
			inputFileListPaths = (
				"${PODS_ROOT}/Target Support Files/Pods-NYG/Pods-NYG-frameworks-${CONFIGURATION}-input-files.xcfilelist",
			);
			name = "[CP] Embed Pods Frameworks";
			outputFileListPaths = (
				"${PODS_ROOT}/Target Support Files/Pods-NYG/Pods-NYG-frameworks-${CONFIGURATION}-output-files.xcfilelist",
			);
			runOnlyForDeploymentPostprocessing = 0;
			shellPath = /bin/sh;
			shellScript = "\"${PODS_ROOT}/Target Support Files/Pods-NYG/Pods-NYG-frameworks.sh\"\n";
			showEnvVarsInLog = 0;
		};
		E2A22BAE85B1125E99261CFC /* [CP] Check Pods Manifest.lock */ = {
			isa = PBXShellScriptBuildPhase;
			buildActionMask = 2147483647;
			files = (
			);
			inputFileListPaths = (
			);
			inputPaths = (
				"${PODS_PODFILE_DIR_PATH}/Podfile.lock",
				"${PODS_ROOT}/Manifest.lock",
			);
			name = "[CP] Check Pods Manifest.lock";
			outputFileListPaths = (
			);
			outputPaths = (
				"$(DERIVED_FILE_DIR)/Pods-NYG-checkManifestLockResult.txt",
			);
			runOnlyForDeploymentPostprocessing = 0;
			shellPath = /bin/sh;
			shellScript = "diff \"${PODS_PODFILE_DIR_PATH}/Podfile.lock\" \"${PODS_ROOT}/Manifest.lock\" > /dev/null\nif [ $? != 0 ] ; then\n    # print error to STDERR\n    echo \"error: The sandbox is not in sync with the Podfile.lock. Run 'pod install' or update your CocoaPods installation.\" >&2\n    exit 1\nfi\n# This output is used by Xcode 'outputs' to avoid re-running this script phase.\necho \"SUCCESS\" > \"${SCRIPT_OUTPUT_FILE_0}\"\n";
			showEnvVarsInLog = 0;
		};
/* End PBXShellScriptBuildPhase section */

/* Begin PBXSourcesBuildPhase section */
		B5139087259ADC1200A67E14 /* Sources */ = {
			isa = PBXSourcesBuildPhase;
			buildActionMask = 2147483647;
			files = (
				B51390A6259AE51500A67E14 /* EventResultsView.swift in Sources */,
				B51390A3259AE4D100A67E14 /* OnboardingView.swift in Sources */,
				B5139091259ADC1200A67E14 /* ContentView.swift in Sources */,
				B51390AC259AE9A600A67E14 /* EventView.swift in Sources */,
				B51390BF259BDC5F00A67E14 /* IconSelectionView.swift in Sources */,
				B513908F259ADC1200A67E14 /* NYGApp.swift in Sources */,
				B51390A9259AE54400A67E14 /* Models.swift in Sources */,
			);
			runOnlyForDeploymentPostprocessing = 0;
		};
/* End PBXSourcesBuildPhase section */

/* Begin XCBuildConfiguration section */
		B5139098259ADC1300A67E14 /* Debug */ = {
			isa = XCBuildConfiguration;
			buildSettings = {
				ALWAYS_SEARCH_USER_PATHS = NO;
				CLANG_ANALYZER_NONNULL = YES;
				CLANG_ANALYZER_NUMBER_OBJECT_CONVERSION = YES_AGGRESSIVE;
				CLANG_CXX_LANGUAGE_STANDARD = "gnu++14";
				CLANG_CXX_LIBRARY = "libc++";
				CLANG_ENABLE_MODULES = YES;
				CLANG_ENABLE_OBJC_ARC = YES;
				CLANG_ENABLE_OBJC_WEAK = YES;
				CLANG_WARN_BLOCK_CAPTURE_AUTORELEASING = YES;
				CLANG_WARN_BOOL_CONVERSION = YES;
				CLANG_WARN_COMMA = YES;
				CLANG_WARN_CONSTANT_CONVERSION = YES;
				CLANG_WARN_DEPRECATED_OBJC_IMPLEMENTATIONS = YES;
				CLANG_WARN_DIRECT_OBJC_ISA_USAGE = YES_ERROR;
				CLANG_WARN_DOCUMENTATION_COMMENTS = YES;
				CLANG_WARN_EMPTY_BODY = YES;
				CLANG_WARN_ENUM_CONVERSION = YES;
				CLANG_WARN_INFINITE_RECURSION = YES;
				CLANG_WARN_INT_CONVERSION = YES;
				CLANG_WARN_NON_LITERAL_NULL_CONVERSION = YES;
				CLANG_WARN_OBJC_IMPLICIT_RETAIN_SELF = YES;
				CLANG_WARN_OBJC_LITERAL_CONVERSION = YES;
				CLANG_WARN_OBJC_ROOT_CLASS = YES_ERROR;
				CLANG_WARN_QUOTED_INCLUDE_IN_FRAMEWORK_HEADER = YES;
				CLANG_WARN_RANGE_LOOP_ANALYSIS = YES;
				CLANG_WARN_STRICT_PROTOTYPES = YES;
				CLANG_WARN_SUSPICIOUS_MOVE = YES;
				CLANG_WARN_UNGUARDED_AVAILABILITY = YES_AGGRESSIVE;
				CLANG_WARN_UNREACHABLE_CODE = YES;
				CLANG_WARN__DUPLICATE_METHOD_MATCH = YES;
				COPY_PHASE_STRIP = NO;
				DEBUG_INFORMATION_FORMAT = dwarf;
				ENABLE_STRICT_OBJC_MSGSEND = YES;
				ENABLE_TESTABILITY = YES;
				GCC_C_LANGUAGE_STANDARD = gnu11;
				GCC_DYNAMIC_NO_PIC = NO;
				GCC_NO_COMMON_BLOCKS = YES;
				GCC_OPTIMIZATION_LEVEL = 0;
				GCC_PREPROCESSOR_DEFINITIONS = (
					"DEBUG=1",
					"$(inherited)",
				);
				GCC_WARN_64_TO_32_BIT_CONVERSION = YES;
				GCC_WARN_ABOUT_RETURN_TYPE = YES_ERROR;
				GCC_WARN_UNDECLARED_SELECTOR = YES;
				GCC_WARN_UNINITIALIZED_AUTOS = YES_AGGRESSIVE;
				GCC_WARN_UNUSED_FUNCTION = YES;
				GCC_WARN_UNUSED_VARIABLE = YES;
				IPHONEOS_DEPLOYMENT_TARGET = 14.3;
				MTL_ENABLE_DEBUG_INFO = INCLUDE_SOURCE;
				MTL_FAST_MATH = YES;
				ONLY_ACTIVE_ARCH = YES;
				SDKROOT = iphoneos;
				SWIFT_ACTIVE_COMPILATION_CONDITIONS = DEBUG;
				SWIFT_OPTIMIZATION_LEVEL = "-Onone";
			};
			name = Debug;
		};
		B5139099259ADC1300A67E14 /* Release */ = {
			isa = XCBuildConfiguration;
			buildSettings = {
				ALWAYS_SEARCH_USER_PATHS = NO;
				CLANG_ANALYZER_NONNULL = YES;
				CLANG_ANALYZER_NUMBER_OBJECT_CONVERSION = YES_AGGRESSIVE;
				CLANG_CXX_LANGUAGE_STANDARD = "gnu++14";
				CLANG_CXX_LIBRARY = "libc++";
				CLANG_ENABLE_MODULES = YES;
				CLANG_ENABLE_OBJC_ARC = YES;
				CLANG_ENABLE_OBJC_WEAK = YES;
				CLANG_WARN_BLOCK_CAPTURE_AUTORELEASING = YES;
				CLANG_WARN_BOOL_CONVERSION = YES;
				CLANG_WARN_COMMA = YES;
				CLANG_WARN_CONSTANT_CONVERSION = YES;
				CLANG_WARN_DEPRECATED_OBJC_IMPLEMENTATIONS = YES;
				CLANG_WARN_DIRECT_OBJC_ISA_USAGE = YES_ERROR;
				CLANG_WARN_DOCUMENTATION_COMMENTS = YES;
				CLANG_WARN_EMPTY_BODY = YES;
				CLANG_WARN_ENUM_CONVERSION = YES;
				CLANG_WARN_INFINITE_RECURSION = YES;
				CLANG_WARN_INT_CONVERSION = YES;
				CLANG_WARN_NON_LITERAL_NULL_CONVERSION = YES;
				CLANG_WARN_OBJC_IMPLICIT_RETAIN_SELF = YES;
				CLANG_WARN_OBJC_LITERAL_CONVERSION = YES;
				CLANG_WARN_OBJC_ROOT_CLASS = YES_ERROR;
				CLANG_WARN_QUOTED_INCLUDE_IN_FRAMEWORK_HEADER = YES;
				CLANG_WARN_RANGE_LOOP_ANALYSIS = YES;
				CLANG_WARN_STRICT_PROTOTYPES = YES;
				CLANG_WARN_SUSPICIOUS_MOVE = YES;
				CLANG_WARN_UNGUARDED_AVAILABILITY = YES_AGGRESSIVE;
				CLANG_WARN_UNREACHABLE_CODE = YES;
				CLANG_WARN__DUPLICATE_METHOD_MATCH = YES;
				COPY_PHASE_STRIP = NO;
				DEBUG_INFORMATION_FORMAT = "dwarf-with-dsym";
				ENABLE_NS_ASSERTIONS = NO;
				ENABLE_STRICT_OBJC_MSGSEND = YES;
				GCC_C_LANGUAGE_STANDARD = gnu11;
				GCC_NO_COMMON_BLOCKS = YES;
				GCC_WARN_64_TO_32_BIT_CONVERSION = YES;
				GCC_WARN_ABOUT_RETURN_TYPE = YES_ERROR;
				GCC_WARN_UNDECLARED_SELECTOR = YES;
				GCC_WARN_UNINITIALIZED_AUTOS = YES_AGGRESSIVE;
				GCC_WARN_UNUSED_FUNCTION = YES;
				GCC_WARN_UNUSED_VARIABLE = YES;
				IPHONEOS_DEPLOYMENT_TARGET = 14.3;
				MTL_ENABLE_DEBUG_INFO = NO;
				MTL_FAST_MATH = YES;
				SDKROOT = iphoneos;
				SWIFT_COMPILATION_MODE = wholemodule;
				SWIFT_OPTIMIZATION_LEVEL = "-O";
				VALIDATE_PRODUCT = YES;
			};
			name = Release;
		};
		B513909B259ADC1300A67E14 /* Debug */ = {
			isa = XCBuildConfiguration;
			baseConfigurationReference = 52841BEBD6E657C2ED2035E8 /* Pods-NYG.debug.xcconfig */;
			buildSettings = {
				ASSETCATALOG_COMPILER_APPICON_NAME = AppIcon;
				ASSETCATALOG_COMPILER_GLOBAL_ACCENT_COLOR_NAME = AccentColor;
				CODE_SIGN_STYLE = Automatic;
				DEVELOPMENT_ASSET_PATHS = "\"NYG/Preview Content\"";
				DEVELOPMENT_TEAM = G23SDK69HF;
				ENABLE_PREVIEWS = YES;
				INFOPLIST_FILE = NYG/Info.plist;
				IPHONEOS_DEPLOYMENT_TARGET = 14.0;
				LD_RUNPATH_SEARCH_PATHS = (
					"$(inherited)",
					"@executable_path/Frameworks",
				);
				PRODUCT_BUNDLE_IDENTIFIER = com.komran.NYG;
				PRODUCT_NAME = "$(TARGET_NAME)";
				SWIFT_VERSION = 5.0;
				TARGETED_DEVICE_FAMILY = "1,2";
			};
			name = Debug;
		};
		B513909C259ADC1300A67E14 /* Release */ = {
			isa = XCBuildConfiguration;
			baseConfigurationReference = B322A122A8A924ADDF18AEEA /* Pods-NYG.release.xcconfig */;
			buildSettings = {
				ASSETCATALOG_COMPILER_APPICON_NAME = AppIcon;
				ASSETCATALOG_COMPILER_GLOBAL_ACCENT_COLOR_NAME = AccentColor;
				CODE_SIGN_STYLE = Automatic;
				DEVELOPMENT_ASSET_PATHS = "\"NYG/Preview Content\"";
				DEVELOPMENT_TEAM = G23SDK69HF;
				ENABLE_PREVIEWS = YES;
				INFOPLIST_FILE = NYG/Info.plist;
				IPHONEOS_DEPLOYMENT_TARGET = 14.0;
				LD_RUNPATH_SEARCH_PATHS = (
					"$(inherited)",
					"@executable_path/Frameworks",
				);
				PRODUCT_BUNDLE_IDENTIFIER = com.komran.NYG;
				PRODUCT_NAME = "$(TARGET_NAME)";
				SWIFT_VERSION = 5.0;
				TARGETED_DEVICE_FAMILY = "1,2";
			};
			name = Release;
		};
/* End XCBuildConfiguration section */

/* Begin XCConfigurationList section */
		B5139086259ADC1200A67E14 /* Build configuration list for PBXProject "NYG" */ = {
			isa = XCConfigurationList;
			buildConfigurations = (
				B5139098259ADC1300A67E14 /* Debug */,
				B5139099259ADC1300A67E14 /* Release */,
			);
			defaultConfigurationIsVisible = 0;
			defaultConfigurationName = Release;
		};
		B513909A259ADC1300A67E14 /* Build configuration list for PBXNativeTarget "NYG" */ = {
			isa = XCConfigurationList;
			buildConfigurations = (
				B513909B259ADC1300A67E14 /* Debug */,
				B513909C259ADC1300A67E14 /* Release */,
			);
			defaultConfigurationIsVisible = 0;
			defaultConfigurationName = Release;
		};
/* End XCConfigurationList section */
	};
	rootObject = B5139083259ADC1200A67E14 /* Project object */;
}
